// !$*UTF8*$!
{
	archiveVersion = 1;
	classes = {
	};
	objectVersion = 50;
	objects = {

/* Begin PBXBuildFile section */
		B635980B22F2C8C200C1E523 /* 8.jpg in Resources */ = {isa = PBXBuildFile; fileRef = B63597FB22F2C8C200C1E523 /* 8.jpg */; };
		B635980C22F2C8C200C1E523 /* 9.jpg in Resources */ = {isa = PBXBuildFile; fileRef = B63597FC22F2C8C200C1E523 /* 9.jpg */; };
		B635980D22F2C8C200C1E523 /* 14.jpg in Resources */ = {isa = PBXBuildFile; fileRef = B63597FD22F2C8C200C1E523 /* 14.jpg */; };
		B635980E22F2C8C200C1E523 /* 15.jpg in Resources */ = {isa = PBXBuildFile; fileRef = B63597FE22F2C8C200C1E523 /* 15.jpg */; };
		B635980F22F2C8C200C1E523 /* 12.jpg in Resources */ = {isa = PBXBuildFile; fileRef = B63597FF22F2C8C200C1E523 /* 12.jpg */; };
		B635981022F2C8C200C1E523 /* 13.jpg in Resources */ = {isa = PBXBuildFile; fileRef = B635980022F2C8C200C1E523 /* 13.jpg */; };
		B635981122F2C8C200C1E523 /* 11.jpg in Resources */ = {isa = PBXBuildFile; fileRef = B635980122F2C8C200C1E523 /* 11.jpg */; };
		B635981222F2C8C200C1E523 /* 10.jpg in Resources */ = {isa = PBXBuildFile; fileRef = B635980222F2C8C200C1E523 /* 10.jpg */; };
		B635981322F2C8C200C1E523 /* 天明.jpg in Resources */ = {isa = PBXBuildFile; fileRef = B635980322F2C8C200C1E523 /* 天明.jpg */; };
		B635981422F2C8C200C1E523 /* 4.jpg in Resources */ = {isa = PBXBuildFile; fileRef = B635980422F2C8C200C1E523 /* 4.jpg */; };
		B635981522F2C8C200C1E523 /* 5.jpg in Resources */ = {isa = PBXBuildFile; fileRef = B635980522F2C8C200C1E523 /* 5.jpg */; };
		B635981622F2C8C200C1E523 /* 7.jpg in Resources */ = {isa = PBXBuildFile; fileRef = B635980622F2C8C200C1E523 /* 7.jpg */; };
		B635981722F2C8C200C1E523 /* 6.jpg in Resources */ = {isa = PBXBuildFile; fileRef = B635980722F2C8C200C1E523 /* 6.jpg */; };
		B635981822F2C8C200C1E523 /* 2.jpg in Resources */ = {isa = PBXBuildFile; fileRef = B635980822F2C8C200C1E523 /* 2.jpg */; };
		B635981922F2C8C200C1E523 /* 3.jpg in Resources */ = {isa = PBXBuildFile; fileRef = B635980922F2C8C200C1E523 /* 3.jpg */; };
		B635981A22F2C8C200C1E523 /* 1.jpg in Resources */ = {isa = PBXBuildFile; fileRef = B635980A22F2C8C200C1E523 /* 1.jpg */; };
		B6D2290122E1927B00ED96AE /* AppDelegate.m in Sources */ = {isa = PBXBuildFile; fileRef = B6D2290022E1927B00ED96AE /* AppDelegate.m */; };
		B6D2290422E1927B00ED96AE /* ViewController.m in Sources */ = {isa = PBXBuildFile; fileRef = B6D2290322E1927B00ED96AE /* ViewController.m */; };
		B6D2290722E1927B00ED96AE /* Main.storyboard in Resources */ = {isa = PBXBuildFile; fileRef = B6D2290522E1927B00ED96AE /* Main.storyboard */; };
		B6D2290922E1927D00ED96AE /* Assets.xcassets in Resources */ = {isa = PBXBuildFile; fileRef = B6D2290822E1927D00ED96AE /* Assets.xcassets */; };
		B6D2290C22E1927D00ED96AE /* LaunchScreen.storyboard in Resources */ = {isa = PBXBuildFile; fileRef = B6D2290A22E1927D00ED96AE /* LaunchScreen.storyboard */; };
		B6D2290F22E1927D00ED96AE /* main.m in Sources */ = {isa = PBXBuildFile; fileRef = B6D2290E22E1927D00ED96AE /* main.m */; };
/* End PBXBuildFile section */

/* Begin PBXFileReference section */
		B63597FB22F2C8C200C1E523 /* 8.jpg */ = {isa = PBXFileReference; lastKnownFileType = image.jpeg; path = 8.jpg; sourceTree = "<group>"; };
		B63597FC22F2C8C200C1E523 /* 9.jpg */ = {isa = PBXFileReference; lastKnownFileType = image.jpeg; path = 9.jpg; sourceTree = "<group>"; };
		B63597FD22F2C8C200C1E523 /* 14.jpg */ = {isa = PBXFileReference; lastKnownFileType = image.jpeg; path = 14.jpg; sourceTree = "<group>"; };
		B63597FE22F2C8C200C1E523 /* 15.jpg */ = {isa = PBXFileReference; lastKnownFileType = image.jpeg; path = 15.jpg; sourceTree = "<group>"; };
		B63597FF22F2C8C200C1E523 /* 12.jpg */ = {isa = PBXFileReference; lastKnownFileType = image.jpeg; path = 12.jpg; sourceTree = "<group>"; };
		B635980022F2C8C200C1E523 /* 13.jpg */ = {isa = PBXFileReference; lastKnownFileType = image.jpeg; path = 13.jpg; sourceTree = "<group>"; };
		B635980122F2C8C200C1E523 /* 11.jpg */ = {isa = PBXFileReference; lastKnownFileType = image.jpeg; path = 11.jpg; sourceTree = "<group>"; };
		B635980222F2C8C200C1E523 /* 10.jpg */ = {isa = PBXFileReference; lastKnownFileType = image.jpeg; path = 10.jpg; sourceTree = "<group>"; };
		B635980322F2C8C200C1E523 /* 天明.jpg */ = {isa = PBXFileReference; lastKnownFileType = image.jpeg; path = "天明.jpg"; sourceTree = "<group>"; };
		B635980422F2C8C200C1E523 /* 4.jpg */ = {isa = PBXFileReference; lastKnownFileType = image.jpeg; path = 4.jpg; sourceTree = "<group>"; };
		B635980522F2C8C200C1E523 /* 5.jpg */ = {isa = PBXFileReference; lastKnownFileType = image.jpeg; path = 5.jpg; sourceTree = "<group>"; };
		B635980622F2C8C200C1E523 /* 7.jpg */ = {isa = PBXFileReference; lastKnownFileType = image.jpeg; path = 7.jpg; sourceTree = "<group>"; };
		B635980722F2C8C200C1E523 /* 6.jpg */ = {isa = PBXFileReference; lastKnownFileType = image.jpeg; path = 6.jpg; sourceTree = "<group>"; };
		B635980822F2C8C200C1E523 /* 2.jpg */ = {isa = PBXFileReference; lastKnownFileType = image.jpeg; path = 2.jpg; sourceTree = "<group>"; };
		B635980922F2C8C200C1E523 /* 3.jpg */ = {isa = PBXFileReference; lastKnownFileType = image.jpeg; path = 3.jpg; sourceTree = "<group>"; };
		B635980A22F2C8C200C1E523 /* 1.jpg */ = {isa = PBXFileReference; lastKnownFileType = image.jpeg; path = 1.jpg; sourceTree = "<group>"; };
		B6D228FC22E1927B00ED96AE /* 对对碰游戏.app */ = {isa = PBXFileReference; explicitFileType = wrapper.application; includeInIndex = 0; path = "对对碰游戏.app"; sourceTree = BUILT_PRODUCTS_DIR; };
		B6D228FF22E1927B00ED96AE /* AppDelegate.h */ = {isa = PBXFileReference; lastKnownFileType = sourcecode.c.h; path = AppDelegate.h; sourceTree = "<group>"; };
		B6D2290022E1927B00ED96AE /* AppDelegate.m */ = {isa = PBXFileReference; lastKnownFileType = sourcecode.c.objc; path = AppDelegate.m; sourceTree = "<group>"; };
		B6D2290222E1927B00ED96AE /* ViewController.h */ = {isa = PBXFileReference; lastKnownFileType = sourcecode.c.h; path = ViewController.h; sourceTree = "<group>"; };
		B6D2290322E1927B00ED96AE /* ViewController.m */ = {isa = PBXFileReference; lastKnownFileType = sourcecode.c.objc; path = ViewController.m; sourceTree = "<group>"; };
		B6D2290622E1927B00ED96AE /* Base */ = {isa = PBXFileReference; lastKnownFileType = file.storyboard; name = Base; path = Base.lproj/Main.storyboard; sourceTree = "<group>"; };
		B6D2290822E1927D00ED96AE /* Assets.xcassets */ = {isa = PBXFileReference; lastKnownFileType = folder.assetcatalog; path = Assets.xcassets; sourceTree = "<group>"; };
		B6D2290B22E1927D00ED96AE /* Base */ = {isa = PBXFileReference; lastKnownFileType = file.storyboard; name = Base; path = Base.lproj/LaunchScreen.storyboard; sourceTree = "<group>"; };
		B6D2290D22E1927D00ED96AE /* Info.plist */ = {isa = PBXFileReference; lastKnownFileType = text.plist.xml; path = Info.plist; sourceTree = "<group>"; };
		B6D2290E22E1927D00ED96AE /* main.m */ = {isa = PBXFileReference; lastKnownFileType = sourcecode.c.objc; path = main.m; sourceTree = "<group>"; };
/* End PBXFileReference section */

/* Begin PBXFrameworksBuildPhase section */
		B6D228F922E1927B00ED96AE /* Frameworks */ = {
			isa = PBXFrameworksBuildPhase;
			buildActionMask = 2147483647;
			files = (
			);
			runOnlyForDeploymentPostprocessing = 0;
		};
/* End PBXFrameworksBuildPhase section */

/* Begin PBXGroup section */
		B63597FA22F2C8C200C1E523 /* Photos */ = {
			isa = PBXGroup;
			children = (
				B63597FB22F2C8C200C1E523 /* 8.jpg */,
				B63597FC22F2C8C200C1E523 /* 9.jpg */,
				B63597FD22F2C8C200C1E523 /* 14.jpg */,
				B63597FE22F2C8C200C1E523 /* 15.jpg */,
				B63597FF22F2C8C200C1E523 /* 12.jpg */,
				B635980022F2C8C200C1E523 /* 13.jpg */,
				B635980122F2C8C200C1E523 /* 11.jpg */,
				B635980222F2C8C200C1E523 /* 10.jpg */,
				B635980322F2C8C200C1E523 /* 天明.jpg */,
				B635980422F2C8C200C1E523 /* 4.jpg */,
				B635980522F2C8C200C1E523 /* 5.jpg */,
				B635980622F2C8C200C1E523 /* 7.jpg */,
				B635980722F2C8C200C1E523 /* 6.jpg */,
				B635980822F2C8C200C1E523 /* 2.jpg */,
				B635980922F2C8C200C1E523 /* 3.jpg */,
				B635980A22F2C8C200C1E523 /* 1.jpg */,
			);
			name = Photos;
			path = ../../../Downloads/Photos;
			sourceTree = "<group>";
		};
		B6D228F322E1927B00ED96AE = {
			isa = PBXGroup;
			children = (
				B63597FA22F2C8C200C1E523 /* Photos */,
				B6D228FE22E1927B00ED96AE /* 对对碰游戏 */,
				B6D228FD22E1927B00ED96AE /* Products */,
			);
			sourceTree = "<group>";
		};
		B6D228FD22E1927B00ED96AE /* Products */ = {
			isa = PBXGroup;
			children = (
				B6D228FC22E1927B00ED96AE /* 对对碰游戏.app */,
			);
			name = Products;
			sourceTree = "<group>";
		};
		B6D228FE22E1927B00ED96AE /* 对对碰游戏 */ = {
			isa = PBXGroup;
			children = (
				B6D228FF22E1927B00ED96AE /* AppDelegate.h */,
				B6D2290022E1927B00ED96AE /* AppDelegate.m */,
				B6D2290222E1927B00ED96AE /* ViewController.h */,
				B6D2290322E1927B00ED96AE /* ViewController.m */,
				B6D2290522E1927B00ED96AE /* Main.storyboard */,
				B6D2290822E1927D00ED96AE /* Assets.xcassets */,
				B6D2290A22E1927D00ED96AE /* LaunchScreen.storyboard */,
				B6D2290D22E1927D00ED96AE /* Info.plist */,
				B6D2290E22E1927D00ED96AE /* main.m */,
			);
			path = "对对碰游戏";
			sourceTree = "<group>";
		};
/* End PBXGroup section */

/* Begin PBXNativeTarget section */
		B6D228FB22E1927B00ED96AE /* 对对碰游戏 */ = {
			isa = PBXNativeTarget;
			buildConfigurationList = B6D2291222E1927D00ED96AE /* Build configuration list for PBXNativeTarget "对对碰游戏" */;
			buildPhases = (
				B6D228F822E1927B00ED96AE /* Sources */,
				B6D228F922E1927B00ED96AE /* Frameworks */,
				B6D228FA22E1927B00ED96AE /* Resources */,
			);
			buildRules = (
			);
			dependencies = (
			);
			name = "对对碰游戏";
			productName = "对对碰游戏";
			productReference = B6D228FC22E1927B00ED96AE /* 对对碰游戏.app */;
			productType = "com.apple.product-type.application";
		};
/* End PBXNativeTarget section */

/* Begin PBXProject section */
		B6D228F422E1927B00ED96AE /* Project object */ = {
			isa = PBXProject;
			attributes = {
				LastUpgradeCheck = 1020;
				ORGANIZATIONNAME = "许明洋";
				TargetAttributes = {
					B6D228FB22E1927B00ED96AE = {
						CreatedOnToolsVersion = 10.2.1;
					};
				};
			};
			buildConfigurationList = B6D228F722E1927B00ED96AE /* Build configuration list for PBXProject "对对碰游戏" */;
			compatibilityVersion = "Xcode 9.3";
			developmentRegion = en;
			hasScannedForEncodings = 0;
			knownRegions = (
				en,
				Base,
			);
			mainGroup = B6D228F322E1927B00ED96AE;
			productRefGroup = B6D228FD22E1927B00ED96AE /* Products */;
			projectDirPath = "";
			projectRoot = "";
			targets = (
				B6D228FB22E1927B00ED96AE /* 对对碰游戏 */,
			);
		};
/* End PBXProject section */

/* Begin PBXResourcesBuildPhase section */
		B6D228FA22E1927B00ED96AE /* Resources */ = {
			isa = PBXResourcesBuildPhase;
			buildActionMask = 2147483647;
			files = (
				B635980F22F2C8C200C1E523 /* 12.jpg in Resources */,
				B635981A22F2C8C200C1E523 /* 1.jpg in Resources */,
				B635981022F2C8C200C1E523 /* 13.jpg in Resources */,
				B635980E22F2C8C200C1E523 /* 15.jpg in Resources */,
				B635981222F2C8C200C1E523 /* 10.jpg in Resources */,
				B635980D22F2C8C200C1E523 /* 14.jpg in Resources */,
				B635981822F2C8C200C1E523 /* 2.jpg in Resources */,
				B635980B22F2C8C200C1E523 /* 8.jpg in Resources */,
				B635981122F2C8C200C1E523 /* 11.jpg in Resources */,
				B6D2290C22E1927D00ED96AE /* LaunchScreen.storyboard in Resources */,
				B635981922F2C8C200C1E523 /* 3.jpg in Resources */,
				B635981322F2C8C200C1E523 /* 天明.jpg in Resources */,
				B6D2290922E1927D00ED96AE /* Assets.xcassets in Resources */,
				B635981722F2C8C200C1E523 /* 6.jpg in Resources */,
				B635980C22F2C8C200C1E523 /* 9.jpg in Resources */,
				B635981522F2C8C200C1E523 /* 5.jpg in Resources */,
				B635981622F2C8C200C1E523 /* 7.jpg in Resources */,
				B6D2290722E1927B00ED96AE /* Main.storyboard in Resources */,
				B635981422F2C8C200C1E523 /* 4.jpg in Resources */,
			);
			runOnlyForDeploymentPostprocessing = 0;
		};
/* End PBXResourcesBuildPhase section */

/* Begin PBXSourcesBuildPhase section */
		B6D228F822E1927B00ED96AE /* Sources */ = {
			isa = PBXSourcesBuildPhase;
			buildActionMask = 2147483647;
			files = (
				B6D2290422E1927B00ED96AE /* ViewController.m in Sources */,
				B6D2290F22E1927D00ED96AE /* main.m in Sources */,
				B6D2290122E1927B00ED96AE /* AppDelegate.m in Sources */,
			);
			runOnlyForDeploymentPostprocessing = 0;
		};
/* End PBXSourcesBuildPhase section */

/* Begin PBXVariantGroup section */
		B6D2290522E1927B00ED96AE /* Main.storyboard */ = {
			isa = PBXVariantGroup;
			children = (
				B6D2290622E1927B00ED96AE /* Base */,
			);
			name = Main.storyboard;
			sourceTree = "<group>";
		};
		B6D2290A22E1927D00ED96AE /* LaunchScreen.storyboard */ = {
			isa = PBXVariantGroup;
			children = (
				B6D2290B22E1927D00ED96AE /* Base */,
			);
			name = LaunchScreen.storyboard;
			sourceTree = "<group>";
		};
/* End PBXVariantGroup section */

/* Begin XCBuildConfiguration section */
		B6D2291022E1927D00ED96AE /* Debug */ = {
			isa = XCBuildConfiguration;
			buildSettings = {
				ALWAYS_SEARCH_USER_PATHS = NO;
				CLANG_ANALYZER_NONNULL = YES;
				CLANG_ANALYZER_NUMBER_OBJECT_CONVERSION = YES_AGGRESSIVE;
				CLANG_CXX_LANGUAGE_STANDARD = "gnu++14";
				CLANG_CXX_LIBRARY = "libc++";
				CLANG_ENABLE_MODULES = YES;
				CLANG_ENABLE_OBJC_ARC = YES;
				CLANG_ENABLE_OBJC_WEAK = YES;
				CLANG_WARN_BLOCK_CAPTURE_AUTORELEASING = YES;
				CLANG_WARN_BOOL_CONVERSION = YES;
				CLANG_WARN_COMMA = YES;
				CLANG_WARN_CONSTANT_CONVERSION = YES;
				CLANG_WARN_DEPRECATED_OBJC_IMPLEMENTATIONS = YES;
				CLANG_WARN_DIRECT_OBJC_ISA_USAGE = YES_ERROR;
				CLANG_WARN_DOCUMENTATION_COMMENTS = YES;
				CLANG_WARN_EMPTY_BODY = YES;
				CLANG_WARN_ENUM_CONVERSION = YES;
				CLANG_WARN_INFINITE_RECURSION = YES;
				CLANG_WARN_INT_CONVERSION = YES;
				CLANG_WARN_NON_LITERAL_NULL_CONVERSION = YES;
				CLANG_WARN_OBJC_IMPLICIT_RETAIN_SELF = YES;
				CLANG_WARN_OBJC_LITERAL_CONVERSION = YES;
				CLANG_WARN_OBJC_ROOT_CLASS = YES_ERROR;
				CLANG_WARN_RANGE_LOOP_ANALYSIS = YES;
				CLANG_WARN_STRICT_PROTOTYPES = YES;
				CLANG_WARN_SUSPICIOUS_MOVE = YES;
				CLANG_WARN_UNGUARDED_AVAILABILITY = YES_AGGRESSIVE;
				CLANG_WARN_UNREACHABLE_CODE = YES;
				CLANG_WARN__DUPLICATE_METHOD_MATCH = YES;
				CODE_SIGN_IDENTITY = "iPhone Developer";
				COPY_PHASE_STRIP = NO;
				DEBUG_INFORMATION_FORMAT = dwarf;
				ENABLE_STRICT_OBJC_MSGSEND = YES;
				ENABLE_TESTABILITY = YES;
				GCC_C_LANGUAGE_STANDARD = gnu11;
				GCC_DYNAMIC_NO_PIC = NO;
				GCC_NO_COMMON_BLOCKS = YES;
				GCC_OPTIMIZATION_LEVEL = 0;
				GCC_PREPROCESSOR_DEFINITIONS = (
					"DEBUG=1",
					"$(inherited)",
				);
				GCC_WARN_64_TO_32_BIT_CONVERSION = YES;
				GCC_WARN_ABOUT_RETURN_TYPE = YES_ERROR;
				GCC_WARN_UNDECLARED_SELECTOR = YES;
				GCC_WARN_UNINITIALIZED_AUTOS = YES_AGGRESSIVE;
				GCC_WARN_UNUSED_FUNCTION = YES;
				GCC_WARN_UNUSED_VARIABLE = YES;
				IPHONEOS_DEPLOYMENT_TARGET = 12.2;
				MTL_ENABLE_DEBUG_INFO = INCLUDE_SOURCE;
				MTL_FAST_MATH = YES;
				ONLY_ACTIVE_ARCH = YES;
				SDKROOT = iphoneos;
			};
			name = Debug;
		};
		B6D2291122E1927D00ED96AE /* Release */ = {
			isa = XCBuildConfiguration;
			buildSettings = {
				ALWAYS_SEARCH_USER_PATHS = NO;
				CLANG_ANALYZER_NONNULL = YES;
				CLANG_ANALYZER_NUMBER_OBJECT_CONVERSION = YES_AGGRESSIVE;
				CLANG_CXX_LANGUAGE_STANDARD = "gnu++14";
				CLANG_CXX_LIBRARY = "libc++";
				CLANG_ENABLE_MODULES = YES;
				CLANG_ENABLE_OBJC_ARC = YES;
				CLANG_ENABLE_OBJC_WEAK = YES;
				CLANG_WARN_BLOCK_CAPTURE_AUTORELEASING = YES;
				CLANG_WARN_BOOL_CONVERSION = YES;
				CLANG_WARN_COMMA = YES;
				CLANG_WARN_CONSTANT_CONVERSION = YES;
				CLANG_WARN_DEPRECATED_OBJC_IMPLEMENTATIONS = YES;
				CLANG_WARN_DIRECT_OBJC_ISA_USAGE = YES_ERROR;
				CLANG_WARN_DOCUMENTATION_COMMENTS = YES;
				CLANG_WARN_EMPTY_BODY = YES;
				CLANG_WARN_ENUM_CONVERSION = YES;
				CLANG_WARN_INFINITE_RECURSION = YES;
				CLANG_WARN_INT_CONVERSION = YES;
				CLANG_WARN_NON_LITERAL_NULL_CONVERSION = YES;
				CLANG_WARN_OBJC_IMPLICIT_RETAIN_SELF = YES;
				CLANG_WARN_OBJC_LITERAL_CONVERSION = YES;
				CLANG_WARN_OBJC_ROOT_CLASS = YES_ERROR;
				CLANG_WARN_RANGE_LOOP_ANALYSIS = YES;
				CLANG_WARN_STRICT_PROTOTYPES = YES;
				CLANG_WARN_SUSPICIOUS_MOVE = YES;
				CLANG_WARN_UNGUARDED_AVAILABILITY = YES_AGGRESSIVE;
				CLANG_WARN_UNREACHABLE_CODE = YES;
				CLANG_WARN__DUPLICATE_METHOD_MATCH = YES;
				CODE_SIGN_IDENTITY = "iPhone Developer";
				COPY_PHASE_STRIP = NO;
				DEBUG_INFORMATION_FORMAT = "dwarf-with-dsym";
				ENABLE_NS_ASSERTIONS = NO;
				ENABLE_STRICT_OBJC_MSGSEND = YES;
				GCC_C_LANGUAGE_STANDARD = gnu11;
				GCC_NO_COMMON_BLOCKS = YES;
				GCC_WARN_64_TO_32_BIT_CONVERSION = YES;
				GCC_WARN_ABOUT_RETURN_TYPE = YES_ERROR;
				GCC_WARN_UNDECLARED_SELECTOR = YES;
				GCC_WARN_UNINITIALIZED_AUTOS = YES_AGGRESSIVE;
				GCC_WARN_UNUSED_FUNCTION = YES;
				GCC_WARN_UNUSED_VARIABLE = YES;
				IPHONEOS_DEPLOYMENT_TARGET = 12.2;
				MTL_ENABLE_DEBUG_INFO = NO;
				MTL_FAST_MATH = YES;
				SDKROOT = iphoneos;
				VALIDATE_PRODUCT = YES;
			};
			name = Release;
		};
		B6D2291322E1927D00ED96AE /* Debug */ = {
			isa = XCBuildConfiguration;
			buildSettings = {
				ASSETCATALOG_COMPILER_APPICON_NAME = AppIcon;
				CODE_SIGN_STYLE = Automatic;
				INFOPLIST_FILE = "对对碰游戏/Info.plist";
				LD_RUNPATH_SEARCH_PATHS = (
					"$(inherited)",
					"@executable_path/Frameworks",
				);
				PRODUCT_BUNDLE_IDENTIFIER = "com.greatyun.-----";
				PRODUCT_NAME = "$(TARGET_NAME)";
				TARGETED_DEVICE_FAMILY = "1,2";
			};
			name = Debug;
		};
		B6D2291422E1927D00ED96AE /* Release */ = {
			isa = XCBuildConfiguration;
			buildSettings = {
				ASSETCATALOG_COMPILER_APPICON_NAME = AppIcon;
				CODE_SIGN_STYLE = Automatic;
				INFOPLIST_FILE = "对对碰游戏/Info.plist";
				LD_RUNPATH_SEARCH_PATHS = (
					"$(inherited)",
					"@executable_path/Frameworks",
				);
				PRODUCT_BUNDLE_IDENTIFIER = "com.greatyun.-----";
				PRODUCT_NAME = "$(TARGET_NAME)";
				TARGETED_DEVICE_FAMILY = "1,2";
			};
			name = Release;
		};
/* End XCBuildConfiguration section */

/* Begin XCConfigurationList section */
		B6D228F722E1927B00ED96AE /* Build configuration list for PBXProject "对对碰游戏" */ = {
			isa = XCConfigurationList;
			buildConfigurations = (
				B6D2291022E1927D00ED96AE /* Debug */,
				B6D2291122E1927D00ED96AE /* Release */,
			);
			defaultConfigurationIsVisible = 0;
			defaultConfigurationName = Release;
		};
		B6D2291222E1927D00ED96AE /* Build configuration list for PBXNativeTarget "对对碰游戏" */ = {
			isa = XCConfigurationList;
			buildConfigurations = (
				B6D2291322E1927D00ED96AE /* Debug */,
				B6D2291422E1927D00ED96AE /* Release */,
			);
			defaultConfigurationIsVisible = 0;
			defaultConfigurationName = Release;
		};
/* End XCConfigurationList section */
	};
	rootObject = B6D228F422E1927B00ED96AE /* Project object */;
}
